
Microsoft Visual Studio Solution File, Format Version 12.00
# Visual Studio Version 16
VisualStudioVersion = 16.0.30523.141
MinimumVisualStudioVersion = 10.0.40219.1
Project("{FAE04EC0-301F-11D3-BF4B-00C04F79EFBC}") = "LabWork4", "LabWork4\LabWork4.csproj", "{8CC50C6E-0B0B-4F13-BB8F-D21599483ED8}"
EndProject
Global
	GlobalSection(SolutionConfigurationPlatforms) = preSolution
		Debug|Any CPU = Debug|Any CPU
		Release|Any CPU = Release|Any CPU
	EndGlobalSection
	GlobalSection(ProjectConfigurationPlatforms) = postSolution
		{8CC50C6E-0B0B-4F13-BB8F-D21599483ED8}.Debug|Any CPU.ActiveCfg = Debug|Any CPU
		{8CC50C6E-0B0B-4F13-BB8F-D21599483ED8}.Debug|Any CPU.Build.0 = Debug|Any CPU
		{8CC50C6E-0B0B-4F13-BB8F-D21599483ED8}.Release|Any CPU.ActiveCfg = Release|Any CPU
		{8CC50C6E-0B0B-4F13-BB8F-D21599483ED8}.Release|Any CPU.Build.0 = Release|Any CPU
	EndGlobalSection
	GlobalSection(SolutionProperties) = preSolution
		HideSolutionNode = FALSE
	EndGlobalSection
	GlobalSection(ExtensibilityGlobals) = postSolution
		SolutionGuid = {53B920D5-E880-4051-A843-95B7C5776708}
	EndGlobalSection
EndGlobal
